
Microsoft Visual Studio Solution File, Format Version 12.00
# Visual Studio 15
VisualStudioVersion = 15.0.27130.2027
MinimumVisualStudioVersion = 10.0.40219.1
Project("{FAE04EC0-301F-11D3-BF4B-00C04F79EFBC}") = "FacebookAuth", "FacebookAuth\FacebookAuth.csproj", "{ABB7F355-245E-4B0C-9F5F-CB31B06458FF}"
EndProject
Global
	GlobalSection(SolutionConfigurationPlatforms) = preSolution
		Debug|Any CPU = Debug|Any CPU
		Release|Any CPU = Release|Any CPU
	EndGlobalSection
	GlobalSection(ProjectConfigurationPlatforms) = postSolution
		{ABB7F355-245E-4B0C-9F5F-CB31B06458FF}.Debug|Any CPU.ActiveCfg = Debug|Any CPU
		{ABB7F355-245E-4B0C-9F5F-CB31B06458FF}.Debug|Any CPU.Build.0 = Debug|Any CPU
		{ABB7F355-245E-4B0C-9F5F-CB31B06458FF}.Release|Any CPU.ActiveCfg = Release|Any CPU
		{ABB7F355-245E-4B0C-9F5F-CB31B06458FF}.Release|Any CPU.Build.0 = Release|Any CPU
	EndGlobalSection
	GlobalSection(SolutionProperties) = preSolution
		HideSolutionNode = FALSE
	EndGlobalSection
	GlobalSection(ExtensibilityGlobals) = postSolution
		SolutionGuid = {62D22331-E131-4C96-A8AE-D26795BA3EAA}
	EndGlobalSection
EndGlobal
